
Microsoft Visual Studio Solution File, Format Version 12.00
# Visual Studio Version 16
VisualStudioVersion = 16.0.32228.343
MinimumVisualStudioVersion = 10.0.40219.1
Project("{FAE04EC0-301F-11D3-BF4B-00C04F79EFBC}") = "MyFirstProject", "MyFirstProject.csproj", "{03567BB7-2AA0-48D6-B262-930A2D2EF172}"
EndProject
Global
	GlobalSection(SolutionConfigurationPlatforms) = preSolution
		Debug|Any CPU = Debug|Any CPU
		Release|Any CPU = Release|Any CPU
	EndGlobalSection
	GlobalSection(ProjectConfigurationPlatforms) = postSolution
		{03567BB7-2AA0-48D6-B262-930A2D2EF172}.Debug|Any CPU.ActiveCfg = Debug|Any CPU
		{03567BB7-2AA0-48D6-B262-930A2D2EF172}.Debug|Any CPU.Build.0 = Debug|Any CPU
		{03567BB7-2AA0-48D6-B262-930A2D2EF172}.Release|Any CPU.ActiveCfg = Release|Any CPU
		{03567BB7-2AA0-48D6-B262-930A2D2EF172}.Release|Any CPU.Build.0 = Release|Any CPU
	EndGlobalSection
	GlobalSection(SolutionProperties) = preSolution
		HideSolutionNode = FALSE
	EndGlobalSection
	GlobalSection(ExtensibilityGlobals) = postSolution
		SolutionGuid = {2CB1FB2A-41DD-4F32-AC86-254B90FA09C7}
	EndGlobalSection
EndGlobal
